
Microsoft Visual Studio Solution File, Format Version 11.00
# Visual Web Developer Express 2010
Project("{FAE04EC0-301F-11D3-BF4B-00C04F79EFBC}") = "TheNuggetList", "TheNuggetList\TheNuggetList.csproj", "{30B34716-DD42-4CF7-AC0E-132B530865EB}"
EndProject
Project("{FAE04EC0-301F-11D3-BF4B-00C04F79EFBC}") = "TheNuggetList.Data", "TheNuggetList.Data\TheNuggetList.Data.csproj", "{5AD1C4E8-4E3C-4BFD-9464-37064DE45FA8}"
EndProject
Project("{FAE04EC0-301F-11D3-BF4B-00C04F79EFBC}") = "TheNuggetList.Domain", "TheNuggetList.Domain\TheNuggetList.Domain.csproj", "{9B5E8631-26CA-474C-87D5-CB10A92D6E6A}"
EndProject
Project("{FAE04EC0-301F-11D3-BF4B-00C04F79EFBC}") = "TheNuggetList.Commands", "TheNuggetList.Commands\TheNuggetList.Commands.csproj", "{6677D8FB-6104-498B-A9BF-A5A471D79F7E}"
EndProject
Global
	GlobalSection(SolutionConfigurationPlatforms) = preSolution
		Debug|Any CPU = Debug|Any CPU
		Release|Any CPU = Release|Any CPU
	EndGlobalSection
	GlobalSection(ProjectConfigurationPlatforms) = postSolution
		{30B34716-DD42-4CF7-AC0E-132B530865EB}.Debug|Any CPU.ActiveCfg = Debug|Any CPU
		{30B34716-DD42-4CF7-AC0E-132B530865EB}.Debug|Any CPU.Build.0 = Debug|Any CPU
		{30B34716-DD42-4CF7-AC0E-132B530865EB}.Release|Any CPU.ActiveCfg = Release|Any CPU
		{30B34716-DD42-4CF7-AC0E-132B530865EB}.Release|Any CPU.Build.0 = Release|Any CPU
		{5AD1C4E8-4E3C-4BFD-9464-37064DE45FA8}.Debug|Any CPU.ActiveCfg = Debug|Any CPU
		{5AD1C4E8-4E3C-4BFD-9464-37064DE45FA8}.Debug|Any CPU.Build.0 = Debug|Any CPU
		{5AD1C4E8-4E3C-4BFD-9464-37064DE45FA8}.Release|Any CPU.ActiveCfg = Release|Any CPU
		{5AD1C4E8-4E3C-4BFD-9464-37064DE45FA8}.Release|Any CPU.Build.0 = Release|Any CPU
		{9B5E8631-26CA-474C-87D5-CB10A92D6E6A}.Debug|Any CPU.ActiveCfg = Debug|Any CPU
		{9B5E8631-26CA-474C-87D5-CB10A92D6E6A}.Debug|Any CPU.Build.0 = Debug|Any CPU
		{9B5E8631-26CA-474C-87D5-CB10A92D6E6A}.Release|Any CPU.ActiveCfg = Release|Any CPU
		{9B5E8631-26CA-474C-87D5-CB10A92D6E6A}.Release|Any CPU.Build.0 = Release|Any CPU
		{6677D8FB-6104-498B-A9BF-A5A471D79F7E}.Debug|Any CPU.ActiveCfg = Debug|Any CPU
		{6677D8FB-6104-498B-A9BF-A5A471D79F7E}.Debug|Any CPU.Build.0 = Debug|Any CPU
		{6677D8FB-6104-498B-A9BF-A5A471D79F7E}.Release|Any CPU.ActiveCfg = Release|Any CPU
		{6677D8FB-6104-498B-A9BF-A5A471D79F7E}.Release|Any CPU.Build.0 = Release|Any CPU
	EndGlobalSection
	GlobalSection(SolutionProperties) = preSolution
		HideSolutionNode = FALSE
	EndGlobalSection
EndGlobal
